# This file is automatically @generated by Poetry 1.6.1 and should not be changed by hand.

[[package]]
name = "anytree"
version = "2.12.1"
description = "Powerful and Lightweight Python Tree Data Structure with various plugins"
optional = false
python-versions = ">=3.7.2,<4"
files = [
    {file = "anytree-2.12.1-py3-none-any.whl", hash = "sha256:5ea9e61caf96db1e5b3d0a914378d2cd83c269dfce1fb8242ce96589fa3382f0"},
    {file = "anytree-2.12.1.tar.gz", hash = "sha256:244def434ccf31b668ed282954e5d315b4e066c4940b94aff4a7962d85947830"},
]

[package.dependencies]
six = "*"

[[package]]
name = "chardet"
version = "5.2.0"
description = "Universal encoding detector for Python 3"
optional = false
python-versions = ">=3.7"
files = [
    {file = "chardet-5.2.0-py3-none-any.whl", hash = "sha256:e1cf59446890a00105fe7b7912492ea04b6e6f06d4b742b2c788469e34c82970"},
    {file = "chardet-5.2.0.tar.gz", hash = "sha256:1b3b6ff479a8c414bc3fa2c0852995695c4a026dcd6d0633b2dd092ca39c1cf7"},
]

[[package]]
name = "colorama"
version = "0.4.6"
description = "Cross-platform colored terminal text."
optional = false
python-versions = "!=3.0.*,!=3.1.*,!=3.2.*,!=3.3.*,!=3.4.*,!=3.5.*,!=3.6.*,>=2.7"
files = [
    {file = "colorama-0.4.6-py2.py3-none-any.whl", hash = "sha256:4f1d9991f5acc0ca119f9d443620b77f9d6b33703e51011c16baf57afb285fc6"},
    {file = "colorama-0.4.6.tar.gz", hash = "sha256:08695f5cb7ed6e0531a20572697297273c47b8cae5a63ffc6d6ed5c201be6e44"},
]

[[package]]
name = "commonmark"
version = "0.9.1"
description = "Python parser for the CommonMark Markdown spec"
optional = false
python-versions = "*"
files = [
    {file = "commonmark-0.9.1-py2.py3-none-any.whl", hash = "sha256:da2f38c92590f83de410ba1a3cbceafbc74fee9def35f9251ba9a971d6d66fd9"},
    {file = "commonmark-0.9.1.tar.gz", hash = "sha256:452f9dc859be7f06631ddcb328b6919c67984aca654e5fefb3914d54691aed60"},
]

[package.extras]
test = ["flake8 (==3.7.8)", "hypothesis (==3.55.3)"]

[[package]]
name = "deprecated"
version = "1.2.14"
description = "Python @deprecated decorator to deprecate old python classes, functions or methods."
optional = false
python-versions = ">=2.7, !=3.0.*, !=3.1.*, !=3.2.*, !=3.3.*"
files = [
    {file = "Deprecated-1.2.14-py2.py3-none-any.whl", hash = "sha256:6fac8b097794a90302bdbb17b9b815e732d3c4720583ff1b198499d78470466c"},
    {file = "Deprecated-1.2.14.tar.gz", hash = "sha256:e5323eb936458dccc2582dc6f9c322c852a775a27065ff2b0c4970b9d53d01b3"},
]

[package.dependencies]
wrapt = ">=1.10,<2"

[package.extras]
dev = ["PyTest", "PyTest-Cov", "bump2version (<1)", "sphinx (<2)", "tox"]

[[package]]
name = "exceptiongroup"
version = "1.2.0"
description = "Backport of PEP 654 (exception groups)"
optional = false
python-versions = ">=3.7"
files = [
    {file = "exceptiongroup-1.2.0-py3-none-any.whl", hash = "sha256:4bfd3996ac73b41e9b9628b04e079f193850720ea5945fc96a08633c66912f14"},
    {file = "exceptiongroup-1.2.0.tar.gz", hash = "sha256:91f5c769735f051a4290d52edd0858999b57e5876e9f85937691bd4c9fa3ed68"},
]

[package.extras]
test = ["pytest (>=6)"]

[[package]]
name = "iniconfig"
version = "2.0.0"
description = "brain-dead simple config-ini parsing"
optional = false
python-versions = ">=3.7"
files = [
    {file = "iniconfig-2.0.0-py3-none-any.whl", hash = "sha256:b6a85871a79d2e3b22d2d1b94ac2824226a63c6b741c88f7ae975f18b6778374"},
    {file = "iniconfig-2.0.0.tar.gz", hash = "sha256:2d91e135bf72d31a410b17c16da610a82cb55f6b0477d1a902134b24a455b8b3"},
]

[[package]]
name = "packaging"
version = "24.0"
description = "Core utilities for Python packages"
optional = false
python-versions = ">=3.7"
files = [
    {file = "packaging-24.0-py3-none-any.whl", hash = "sha256:2ddfb553fdf02fb784c234c7ba6ccc288296ceabec964ad2eae3777778130bc5"},
    {file = "packaging-24.0.tar.gz", hash = "sha256:eb82c5e3e56209074766e6885bb04b8c38a0c015d0a30036ebe7ece34c9989e9"},
]

[[package]]
name = "pluggy"
version = "1.4.0"
description = "plugin and hook calling mechanisms for python"
optional = false
python-versions = ">=3.8"
files = [
    {file = "pluggy-1.4.0-py3-none-any.whl", hash = "sha256:7db9f7b503d67d1c5b95f59773ebb58a8c1c288129a88665838012cfb07b8981"},
    {file = "pluggy-1.4.0.tar.gz", hash = "sha256:8c85c2876142a764e5b7548e7d9a0e0ddb46f5185161049a79b7e974454223be"},
]

[package.extras]
dev = ["pre-commit", "tox"]
testing = ["pytest", "pytest-benchmark"]

[[package]]
name = "pygments"
version = "2.17.2"
description = "Pygments is a syntax highlighting package written in Python."
optional = false
python-versions = ">=3.7"
files = [
    {file = "pygments-2.17.2-py3-none-any.whl", hash = "sha256:b27c2826c47d0f3219f29554824c30c5e8945175d888647acd804ddd04af846c"},
    {file = "pygments-2.17.2.tar.gz", hash = "sha256:da46cec9fd2de5be3a8a784f434e4c4ab670b4ff54d605c4c2717e9d49c4c367"},
]

[package.extras]
plugins = ["importlib-metadata"]
windows-terminal = ["colorama (>=0.4.6)"]

[[package]]
name = "pypdf2"
version = "2.12.1"
description = "A pure-python PDF library capable of splitting, merging, cropping, and transforming PDF files"
optional = false
python-versions = ">=3.6"
files = [
    {file = "PyPDF2-2.12.1.tar.gz", hash = "sha256:e03ef18abcc75da741a0acc1a7749253496887be38cd9887bcce1cee393da45e"},
    {file = "pypdf2-2.12.1-py3-none-any.whl", hash = "sha256:41ff16ee122bad9790d57a4235281a838002d7f1cc8d631d91b6f65d709bd825"},
]

[package.dependencies]
typing_extensions = {version = ">=3.10.0.0", markers = "python_version < \"3.10\""}

[package.extras]
crypto = ["PyCryptodome"]
dev = ["black", "flit", "pip-tools", "pre-commit (<2.18.0)", "pytest-cov", "wheel"]
docs = ["myst_parser", "sphinx", "sphinx_rtd_theme"]
full = ["Pillow", "PyCryptodome"]
image = ["Pillow"]

[[package]]
name = "pytest"
version = "7.4.4"
description = "pytest: simple powerful testing with Python"
optional = false
python-versions = ">=3.7"
files = [
    {file = "pytest-7.4.4-py3-none-any.whl", hash = "sha256:b090cdf5ed60bf4c45261be03239c2c1c22df034fbffe691abe93cd80cea01d8"},
    {file = "pytest-7.4.4.tar.gz", hash = "sha256:2cf0005922c6ace4a3e2ec8b4080eb0d9753fdc93107415332f50ce9e7994280"},
]

[package.dependencies]
colorama = {version = "*", markers = "sys_platform == \"win32\""}
exceptiongroup = {version = ">=1.0.0rc8", markers = "python_version < \"3.11\""}
iniconfig = "*"
packaging = "*"
pluggy = ">=0.12,<2.0"
tomli = {version = ">=1.0.0", markers = "python_version < \"3.11\""}

[package.extras]
testing = ["argcomplete", "attrs (>=19.2.0)", "hypothesis (>=3.56)", "mock", "nose", "pygments (>=2.7.2)", "requests", "setuptools", "xmlschema"]

[[package]]
name = "pytest-skip-slow"
version = "0.0.3"
description = "A pytest plugin to skip `@pytest.mark.slow` tests by default. "
optional = false
python-versions = ">=3.7"
files = [
    {file = "pytest-skip-slow-0.0.3.tar.gz", hash = "sha256:5ba043e8b9bbf23bb4cb43fb802d1f5b71823c9869b33434a88170c2c68432ff"},
    {file = "pytest_skip_slow-0.0.3-py3-none-any.whl", hash = "sha256:f4b419f545251ce9a24d574c70b15e6f24614d648b5c16ae8551ec0c4b5e48d6"},
]

[package.dependencies]
pytest = ">=6.2.0"

[package.extras]
test = ["tox"]

[[package]]
name = "python-dotenv"
version = "0.21.1"
description = "Read key-value pairs from a .env file and set them as environment variables"
optional = false
python-versions = ">=3.7"
files = [
    {file = "python-dotenv-0.21.1.tar.gz", hash = "sha256:1c93de8f636cde3ce377292818d0e440b6e45a82f215c3744979151fa8151c49"},
    {file = "python_dotenv-0.21.1-py3-none-any.whl", hash = "sha256:41e12e0318bebc859fcc4d97d4db8d20ad21721a6aa5047dd59f090391cb549a"},
]

[package.extras]
cli = ["click (>=5.0)"]

[[package]]
name = "rich"
version = "12.6.0"
description = "Render rich text, tables, progress bars, syntax highlighting, markdown and more to the terminal"
optional = false
python-versions = ">=3.6.3,<4.0.0"
files = [
    {file = "rich-12.6.0-py3-none-any.whl", hash = "sha256:a4eb26484f2c82589bd9a17c73d32a010b1e29d89f1604cd9bf3a2097b81bb5e"},
    {file = "rich-12.6.0.tar.gz", hash = "sha256:ba3a3775974105c221d31141f2c116f4fd65c5ceb0698657a11e9f295ec93fd0"},
]

[package.dependencies]
commonmark = ">=0.9.0,<0.10.0"
pygments = ">=2.6.0,<3.0.0"

[package.extras]
jupyter = ["ipywidgets (>=7.5.1,<8.0.0)"]

[[package]]
name = "rich-argparse-plus"
version = "0.3.1.4"
description = "A rich text formatter for argparse help with export and default features"
optional = false
python-versions = ">=3.7"
files = [
    {file = "rich_argparse_plus-0.3.1.4-py3-none-any.whl", hash = "sha256:74772572b852b7fefe28e44c5fe0e6491354b2594dae33ccec3860b349f96b21"},
    {file = "rich_argparse_plus-0.3.1.4.tar.gz", hash = "sha256:aab9e49b4ba98ff501705678330eda8e9bc07d933edc5cac5f38671ee53f9998"},
]

[package.dependencies]
rich = ">=11.0.0"

[package.extras]
dev = ["flit (>=3.7,<4.0)", "keyring (>=23.9,<24.0)", "pytest", "pytest-cov"]
optional = ["cairosvg (>=2.5,<3.0)"]

[[package]]
name = "six"
version = "1.16.0"
description = "Python 2 and 3 compatibility utilities"
optional = false
python-versions = ">=2.7, !=3.0.*, !=3.1.*, !=3.2.*"
files = [
    {file = "six-1.16.0-py2.py3-none-any.whl", hash = "sha256:8abb2f1d86890a2dfb989f9a77cfcfd3e47c2a354b01111771326f8aa26e0254"},
    {file = "six-1.16.0.tar.gz", hash = "sha256:1e61c37477a1626458e36f7b1d82aa5c9b094fa4802892072e49de9c60c4c926"},
]

[[package]]
name = "tomli"
version = "2.0.1"
description = "A lil' TOML parser"
optional = false
python-versions = ">=3.7"
files = [
    {file = "tomli-2.0.1-py3-none-any.whl", hash = "sha256:939de3e7a6161af0c887ef91b7d41a53e7c5a1ca976325f429cb46ea9bc30ecc"},
    {file = "tomli-2.0.1.tar.gz", hash = "sha256:de526c12914f0c550d15924c62d72abc48d6fe7364aa87328337a31007fe8a4f"},
]

[[package]]
name = "typing-extensions"
version = "4.10.0"
description = "Backported and Experimental Type Hints for Python 3.8+"
optional = false
python-versions = ">=3.8"
files = [
    {file = "typing_extensions-4.10.0-py3-none-any.whl", hash = "sha256:69b1a937c3a517342112fb4c6df7e72fc39a38e7891a5730ed4985b5214b5475"},
    {file = "typing_extensions-4.10.0.tar.gz", hash = "sha256:b0abd7c89e8fb96f98db18d86106ff1d90ab692004eb746cf6eda2682f91b3cb"},
]

[[package]]
name = "wrapt"
version = "1.16.0"
description = "Module for decorators, wrappers and monkey patching."
optional = false
python-versions = ">=3.6"
files = [
    {file = "wrapt-1.16.0-cp310-cp310-macosx_10_9_x86_64.whl", hash = "sha256:ffa565331890b90056c01db69c0fe634a776f8019c143a5ae265f9c6bc4bd6d4"},
    {file = "wrapt-1.16.0-cp310-cp310-macosx_11_0_arm64.whl", hash = "sha256:e4fdb9275308292e880dcbeb12546df7f3e0f96c6b41197e0cf37d2826359020"},
    {file = "wrapt-1.16.0-cp310-cp310-manylinux_2_17_aarch64.manylinux2014_aarch64.whl", hash = "sha256:bb2dee3874a500de01c93d5c71415fcaef1d858370d405824783e7a8ef5db440"},
    {file = "wrapt-1.16.0-cp310-cp310-manylinux_2_5_i686.manylinux1_i686.manylinux_2_17_i686.manylinux2014_i686.whl", hash = "sha256:2a88e6010048489cda82b1326889ec075a8c856c2e6a256072b28eaee3ccf487"},
    {file = "wrapt-1.16.0-cp310-cp310-manylinux_2_5_x86_64.manylinux1_x86_64.manylinux_2_17_x86_64.manylinux2014_x86_64.whl", hash = "sha256:ac83a914ebaf589b69f7d0a1277602ff494e21f4c2f743313414378f8f50a4cf"},
    {file = "wrapt-1.16.0-cp310-cp310-musllinux_1_1_aarch64.whl", hash = "sha256:73aa7d98215d39b8455f103de64391cb79dfcad601701a3aa0dddacf74911d72"},
    {file = "wrapt-1.16.0-cp310-cp310-musllinux_1_1_i686.whl", hash = "sha256:807cc8543a477ab7422f1120a217054f958a66ef7314f76dd9e77d3f02cdccd0"},
    {file = "wrapt-1.16.0-cp310-cp310-musllinux_1_1_x86_64.whl", hash = "sha256:bf5703fdeb350e36885f2875d853ce13172ae281c56e509f4e6eca049bdfb136"},
    {file = "wrapt-1.16.0-cp310-cp310-win32.whl", hash = "sha256:f6b2d0c6703c988d334f297aa5df18c45e97b0af3679bb75059e0e0bd8b1069d"},
    {file = "wrapt-1.16.0-cp310-cp310-win_amd64.whl", hash = "sha256:decbfa2f618fa8ed81c95ee18a387ff973143c656ef800c9f24fb7e9c16054e2"},
    {file = "wrapt-1.16.0-cp311-cp311-macosx_10_9_x86_64.whl", hash = "sha256:1a5db485fe2de4403f13fafdc231b0dbae5eca4359232d2efc79025527375b09"},
    {file = "wrapt-1.16.0-cp311-cp311-macosx_11_0_arm64.whl", hash = "sha256:75ea7d0ee2a15733684badb16de6794894ed9c55aa5e9903260922f0482e687d"},
    {file = "wrapt-1.16.0-cp311-cp311-manylinux_2_17_aarch64.manylinux2014_aarch64.whl", hash = "sha256:a452f9ca3e3267cd4d0fcf2edd0d035b1934ac2bd7e0e57ac91ad6b95c0c6389"},
    {file = "wrapt-1.16.0-cp311-cp311-manylinux_2_5_i686.manylinux1_i686.manylinux_2_17_i686.manylinux2014_i686.whl", hash = "sha256:43aa59eadec7890d9958748db829df269f0368521ba6dc68cc172d5d03ed8060"},
    {file = "wrapt-1.16.0-cp311-cp311-manylinux_2_5_x86_64.manylinux1_x86_64.manylinux_2_17_x86_64.manylinux2014_x86_64.whl", hash = "sha256:72554a23c78a8e7aa02abbd699d129eead8b147a23c56e08d08dfc29cfdddca1"},
    {file = "wrapt-1.16.0-cp311-cp311-musllinux_1_1_aarch64.whl", hash = "sha256:d2efee35b4b0a347e0d99d28e884dfd82797852d62fcd7ebdeee26f3ceb72cf3"},
    {file = "wrapt-1.16.0-cp311-cp311-musllinux_1_1_i686.whl", hash = "sha256:6dcfcffe73710be01d90cae08c3e548d90932d37b39ef83969ae135d36ef3956"},
    {file = "wrapt-1.16.0-cp311-cp311-musllinux_1_1_x86_64.whl", hash = "sha256:eb6e651000a19c96f452c85132811d25e9264d836951022d6e81df2fff38337d"},
    {file = "wrapt-1.16.0-cp311-cp311-win32.whl", hash = "sha256:66027d667efe95cc4fa945af59f92c5a02c6f5bb6012bff9e60542c74c75c362"},
    {file = "wrapt-1.16.0-cp311-cp311-win_amd64.whl", hash = "sha256:aefbc4cb0a54f91af643660a0a150ce2c090d3652cf4052a5397fb2de549cd89"},
    {file = "wrapt-1.16.0-cp312-cp312-macosx_10_9_x86_64.whl", hash = "sha256:5eb404d89131ec9b4f748fa5cfb5346802e5ee8836f57d516576e61f304f3b7b"},
    {file = "wrapt-1.16.0-cp312-cp312-macosx_11_0_arm64.whl", hash = "sha256:9090c9e676d5236a6948330e83cb89969f433b1943a558968f659ead07cb3b36"},
    {file = "wrapt-1.16.0-cp312-cp312-manylinux_2_17_aarch64.manylinux2014_aarch64.whl", hash = "sha256:94265b00870aa407bd0cbcfd536f17ecde43b94fb8d228560a1e9d3041462d73"},
    {file = "wrapt-1.16.0-cp312-cp312-manylinux_2_5_i686.manylinux1_i686.manylinux_2_17_i686.manylinux2014_i686.whl", hash = "sha256:f2058f813d4f2b5e3a9eb2eb3faf8f1d99b81c3e51aeda4b168406443e8ba809"},
    {file = "wrapt-1.16.0-cp312-cp312-manylinux_2_5_x86_64.manylinux1_x86_64.manylinux_2_17_x86_64.manylinux2014_x86_64.whl", hash = "sha256:98b5e1f498a8ca1858a1cdbffb023bfd954da4e3fa2c0cb5853d40014557248b"},
    {file = "wrapt-1.16.0-cp312-cp312-musllinux_1_1_aarch64.whl", hash = "sha256:14d7dc606219cdd7405133c713f2c218d4252f2a469003f8c46bb92d5d095d81"},
    {file = "wrapt-1.16.0-cp312-cp312-musllinux_1_1_i686.whl", hash = "sha256:49aac49dc4782cb04f58986e81ea0b4768e4ff197b57324dcbd7699c5dfb40b9"},
    {file = "wrapt-1.16.0-cp312-cp312-musllinux_1_1_x86_64.whl", hash = "sha256:418abb18146475c310d7a6dc71143d6f7adec5b004ac9ce08dc7a34e2babdc5c"},
    {file = "wrapt-1.16.0-cp312-cp312-win32.whl", hash = "sha256:685f568fa5e627e93f3b52fda002c7ed2fa1800b50ce51f6ed1d572d8ab3e7fc"},
    {file = "wrapt-1.16.0-cp312-cp312-win_amd64.whl", hash = "sha256:dcdba5c86e368442528f7060039eda390cc4091bfd1dca41e8046af7c910dda8"},
    {file = "wrapt-1.16.0-cp36-cp36m-macosx_10_9_x86_64.whl", hash = "sha256:d462f28826f4657968ae51d2181a074dfe03c200d6131690b7d65d55b0f360f8"},
    {file = "wrapt-1.16.0-cp36-cp36m-manylinux_2_17_aarch64.manylinux2014_aarch64.whl", hash = "sha256:a33a747400b94b6d6b8a165e4480264a64a78c8a4c734b62136062e9a248dd39"},
    {file = "wrapt-1.16.0-cp36-cp36m-manylinux_2_5_i686.manylinux1_i686.manylinux_2_17_i686.manylinux2014_i686.whl", hash = "sha256:b3646eefa23daeba62643a58aac816945cadc0afaf21800a1421eeba5f6cfb9c"},
    {file = "wrapt-1.16.0-cp36-cp36m-manylinux_2_5_x86_64.manylinux1_x86_64.manylinux_2_17_x86_64.manylinux2014_x86_64.whl", hash = "sha256:3ebf019be5c09d400cf7b024aa52b1f3aeebeff51550d007e92c3c1c4afc2a40"},
    {file = "wrapt-1.16.0-cp36-cp36m-musllinux_1_1_aarch64.whl", hash = "sha256:0d2691979e93d06a95a26257adb7bfd0c93818e89b1406f5a28f36e0d8c1e1fc"},
    {file = "wrapt-1.16.0-cp36-cp36m-musllinux_1_1_i686.whl", hash = "sha256:1acd723ee2a8826f3d53910255643e33673e1d11db84ce5880675954183ec47e"},
    {file = "wrapt-1.16.0-cp36-cp36m-musllinux_1_1_x86_64.whl", hash = "sha256:bc57efac2da352a51cc4658878a68d2b1b67dbe9d33c36cb826ca449d80a8465"},
    {file = "wrapt-1.16.0-cp36-cp36m-win32.whl", hash = "sha256:da4813f751142436b075ed7aa012a8778aa43a99f7b36afe9b742d3ed8bdc95e"},
    {file = "wrapt-1.16.0-cp36-cp36m-win_amd64.whl", hash = "sha256:6f6eac2360f2d543cc875a0e5efd413b6cbd483cb3ad7ebf888884a6e0d2e966"},
    {file = "wrapt-1.16.0-cp37-cp37m-macosx_10_9_x86_64.whl", hash = "sha256:a0ea261ce52b5952bf669684a251a66df239ec6d441ccb59ec7afa882265d593"},
    {file = "wrapt-1.16.0-cp37-cp37m-manylinux_2_17_aarch64.manylinux2014_aarch64.whl", hash = "sha256:7bd2d7ff69a2cac767fbf7a2b206add2e9a210e57947dd7ce03e25d03d2de292"},
    {file = "wrapt-1.16.0-cp37-cp37m-manylinux_2_5_i686.manylinux1_i686.manylinux_2_17_i686.manylinux2014_i686.whl", hash = "sha256:9159485323798c8dc530a224bd3ffcf76659319ccc7bbd52e01e73bd0241a0c5"},
    {file = "wrapt-1.16.0-cp37-cp37m-manylinux_2_5_x86_64.manylinux1_x86_64.manylinux_2_17_x86_64.manylinux2014_x86_64.whl", hash = "sha256:a86373cf37cd7764f2201b76496aba58a52e76dedfaa698ef9e9688bfd9e41cf"},
    {file = "wrapt-1.16.0-cp37-cp37m-musllinux_1_1_aarch64.whl", hash = "sha256:73870c364c11f03ed072dda68ff7aea6d2a3a5c3fe250d917a429c7432e15228"},
    {file = "wrapt-1.16.0-cp37-cp37m-musllinux_1_1_i686.whl", hash = "sha256:b935ae30c6e7400022b50f8d359c03ed233d45b725cfdd299462f41ee5ffba6f"},
    {file = "wrapt-1.16.0-cp37-cp37m-musllinux_1_1_x86_64.whl", hash = "sha256:db98ad84a55eb09b3c32a96c576476777e87c520a34e2519d3e59c44710c002c"},
    {file = "wrapt-1.16.0-cp37-cp37m-win32.whl", hash = "sha256:9153ed35fc5e4fa3b2fe97bddaa7cbec0ed22412b85bcdaf54aeba92ea37428c"},
    {file = "wrapt-1.16.0-cp37-cp37m-win_amd64.whl", hash = "sha256:66dfbaa7cfa3eb707bbfcd46dab2bc6207b005cbc9caa2199bcbc81d95071a00"},
    {file = "wrapt-1.16.0-cp38-cp38-macosx_10_9_x86_64.whl", hash = "sha256:1dd50a2696ff89f57bd8847647a1c363b687d3d796dc30d4dd4a9d1689a706f0"},
    {file = "wrapt-1.16.0-cp38-cp38-macosx_11_0_arm64.whl", hash = "sha256:44a2754372e32ab315734c6c73b24351d06e77ffff6ae27d2ecf14cf3d229202"},
    {file = "wrapt-1.16.0-cp38-cp38-manylinux_2_17_aarch64.manylinux2014_aarch64.whl", hash = "sha256:8e9723528b9f787dc59168369e42ae1c3b0d3fadb2f1a71de14531d321ee05b0"},
    {file = "wrapt-1.16.0-cp38-cp38-manylinux_2_5_i686.manylinux1_i686.manylinux_2_17_i686.manylinux2014_i686.whl", hash = "sha256:dbed418ba5c3dce92619656802cc5355cb679e58d0d89b50f116e4a9d5a9603e"},
    {file = "wrapt-1.16.0-cp38-cp38-manylinux_2_5_x86_64.manylinux1_x86_64.manylinux_2_17_x86_64.manylinux2014_x86_64.whl", hash = "sha256:941988b89b4fd6b41c3f0bfb20e92bd23746579736b7343283297c4c8cbae68f"},
    {file = "wrapt-1.16.0-cp38-cp38-musllinux_1_1_aarch64.whl", hash = "sha256:6a42cd0cfa8ffc1915aef79cb4284f6383d8a3e9dcca70c445dcfdd639d51267"},
    {file = "wrapt-1.16.0-cp38-cp38-musllinux_1_1_i686.whl", hash = "sha256:1ca9b6085e4f866bd584fb135a041bfc32cab916e69f714a7d1d397f8c4891ca"},
    {file = "wrapt-1.16.0-cp38-cp38-musllinux_1_1_x86_64.whl", hash = "sha256:d5e49454f19ef621089e204f862388d29e6e8d8b162efce05208913dde5b9ad6"},
    {file = "wrapt-1.16.0-cp38-cp38-win32.whl", hash = "sha256:c31f72b1b6624c9d863fc095da460802f43a7c6868c5dda140f51da24fd47d7b"},
    {file = "wrapt-1.16.0-cp38-cp38-win_amd64.whl", hash = "sha256:490b0ee15c1a55be9c1bd8609b8cecd60e325f0575fc98f50058eae366e01f41"},
    {file = "wrapt-1.16.0-cp39-cp39-macosx_10_9_x86_64.whl", hash = "sha256:9b201ae332c3637a42f02d1045e1d0cccfdc41f1f2f801dafbaa7e9b4797bfc2"},
    {file = "wrapt-1.16.0-cp39-cp39-macosx_11_0_arm64.whl", hash = "sha256:2076fad65c6736184e77d7d4729b63a6d1ae0b70da4868adeec40989858eb3fb"},
    {file = "wrapt-1.16.0-cp39-cp39-manylinux_2_17_aarch64.manylinux2014_aarch64.whl", hash = "sha256:c5cd603b575ebceca7da5a3a251e69561bec509e0b46e4993e1cac402b7247b8"},
    {file = "wrapt-1.16.0-cp39-cp39-manylinux_2_5_i686.manylinux1_i686.manylinux_2_17_i686.manylinux2014_i686.whl", hash = "sha256:b47cfad9e9bbbed2339081f4e346c93ecd7ab504299403320bf85f7f85c7d46c"},
    {file = "wrapt-1.16.0-cp39-cp39-manylinux_2_5_x86_64.manylinux1_x86_64.manylinux_2_17_x86_64.manylinux2014_x86_64.whl", hash = "sha256:f8212564d49c50eb4565e502814f694e240c55551a5f1bc841d4fcaabb0a9b8a"},
    {file = "wrapt-1.16.0-cp39-cp39-musllinux_1_1_aarch64.whl", hash = "sha256:5f15814a33e42b04e3de432e573aa557f9f0f56458745c2074952f564c50e664"},
    {file = "wrapt-1.16.0-cp39-cp39-musllinux_1_1_i686.whl", hash = "sha256:db2e408d983b0e61e238cf579c09ef7020560441906ca990fe8412153e3b291f"},
    {file = "wrapt-1.16.0-cp39-cp39-musllinux_1_1_x86_64.whl", hash = "sha256:edfad1d29c73f9b863ebe7082ae9321374ccb10879eeabc84ba3b69f2579d537"},
    {file = "wrapt-1.16.0-cp39-cp39-win32.whl", hash = "sha256:ed867c42c268f876097248e05b6117a65bcd1e63b779e916fe2e33cd6fd0d3c3"},
    {file = "wrapt-1.16.0-cp39-cp39-win_amd64.whl", hash = "sha256:eb1b046be06b0fce7249f1d025cd359b4b80fc1c3e24ad9eca33e0dcdb2e4a35"},
    {file = "wrapt-1.16.0-py3-none-any.whl", hash = "sha256:6906c4100a8fcbf2fa735f6059214bb13b97f75b1a61777fcf6432121ef12ef1"},
    {file = "wrapt-1.16.0.tar.gz", hash = "sha256:5f370f952971e7d17c7d1ead40e49f32345a7f7a5373571ef44d800d06b1899d"},
]

[[package]]
name = "yara-python"
version = "4.5.0"
description = "Python interface for YARA"
optional = false
python-versions = "*"
files = [
    {file = "yara-python-4.5.0.tar.gz", hash = "sha256:4feecc56d2fe1d23ecb17cb2d3bc2e3859ebf7a2201d0ca3ae0756a728122b27"},
    {file = "yara_python-4.5.0-cp310-cp310-macosx_10_9_universal2.whl", hash = "sha256:3feb72c2146c50e583d7e3cacbb49f280fb5cac0494cae1b48e5980ecbdc1571"},
    {file = "yara_python-4.5.0-cp310-cp310-macosx_10_9_x86_64.whl", hash = "sha256:1a036c41eaebdf6c0a674e0bd9d37c9d06d1d7427455866ace09d3a159c442b0"},
    {file = "yara_python-4.5.0-cp310-cp310-manylinux_2_17_aarch64.manylinux2014_aarch64.whl", hash = "sha256:acbc950b051a576dd4c6825bf4ebb1c0f0c5eea35b3e01bde921b744e2cc92e1"},
    {file = "yara_python-4.5.0-cp310-cp310-manylinux_2_17_i686.manylinux2014_i686.whl", hash = "sha256:11bb478dee0450af1f6643a138b9eaec085ab79aa4a4aef786390c5dfc70f0d0"},
    {file = "yara_python-4.5.0-cp310-cp310-manylinux_2_17_x86_64.manylinux2014_x86_64.whl", hash = "sha256:1633d5653d37b6ef6517113ed446159d8de67d02893c00c43daecd9bbcb9700b"},
    {file = "yara_python-4.5.0-cp310-cp310-musllinux_1_1_aarch64.whl", hash = "sha256:82109dd8c932c3326a9747ac3ac62857868fcc9d9fe55d6f46ff0b4dcf14eb57"},
    {file = "yara_python-4.5.0-cp310-cp310-musllinux_1_1_i686.whl", hash = "sha256:85af2755732081e5fb99fc4295659690f97b61b7a1428e857dbfe91f12f9cf7d"},
    {file = "yara_python-4.5.0-cp310-cp310-musllinux_1_1_x86_64.whl", hash = "sha256:a776f86060aebd4e31c74927ddd13e6b3c21a59e4586da8667e69849e5008872"},
    {file = "yara_python-4.5.0-cp310-cp310-win32.whl", hash = "sha256:535f274738d6ad5501b4450b0bf3cd3c0d1547e9773a7ca1cf9e855d8a1cf741"},
    {file = "yara_python-4.5.0-cp310-cp310-win_amd64.whl", hash = "sha256:5de0bf8ea0d530e8af2b59c56c5506219f060b4b25b196ba88fd19753529246d"},
    {file = "yara_python-4.5.0-cp311-cp311-macosx_10_9_universal2.whl", hash = "sha256:aeadaa62aa523e71abcb438f6f07761b9d62177021bb0e919a180d5b1e8cc05f"},
    {file = "yara_python-4.5.0-cp311-cp311-macosx_10_9_x86_64.whl", hash = "sha256:0b4cc4eb937c1fd3747682cae639179a6bc03a24c86dde861ca2ba1abafe8404"},
    {file = "yara_python-4.5.0-cp311-cp311-manylinux_2_17_aarch64.manylinux2014_aarch64.whl", hash = "sha256:7c77dfe89038a1e0a134d44aacb05d48b268312ca3a58df1fc0cf212aaaa79ff"},
    {file = "yara_python-4.5.0-cp311-cp311-manylinux_2_17_i686.manylinux2014_i686.whl", hash = "sha256:570d1f0f9893ec114a25ed9704e992ce58fb28c3399f6a3d81ea42d4e90c6a9d"},
    {file = "yara_python-4.5.0-cp311-cp311-manylinux_2_17_x86_64.manylinux2014_x86_64.whl", hash = "sha256:b4650def8807d5b6736a1144ca2d880198deafec2313816a4fcc365c00f9b61b"},
    {file = "yara_python-4.5.0-cp311-cp311-musllinux_1_1_aarch64.whl", hash = "sha256:f557ce581e35ae23f19da6e80be1f84a1ac98b17b67b04cf46a9877d8d4fa870"},
    {file = "yara_python-4.5.0-cp311-cp311-musllinux_1_1_i686.whl", hash = "sha256:2d400917ebaf35663975ff001a6c13e432af68e641879194152212b8e87dd974"},
    {file = "yara_python-4.5.0-cp311-cp311-musllinux_1_1_x86_64.whl", hash = "sha256:c5de6ed584bf59005186628f88df718475ccb6818912b0b12a151a2e61f0c29c"},
    {file = "yara_python-4.5.0-cp311-cp311-win32.whl", hash = "sha256:17bee3e24258ef9d31cbc11342d22d513e005b7a551083adbb01d3ffc748c945"},
    {file = "yara_python-4.5.0-cp311-cp311-win_amd64.whl", hash = "sha256:36acc235bf7aa61145daf364c97d3723e9c0e350cca6ae00bf717088a2c72f3b"},
    {file = "yara_python-4.5.0-cp312-cp312-macosx_10_9_universal2.whl", hash = "sha256:6918ddc68d89f4da1eb851d6a841ebc615cec31532f74698e4f51e58b44213e0"},
    {file = "yara_python-4.5.0-cp312-cp312-macosx_10_9_x86_64.whl", hash = "sha256:9a9d666acc4d6d1ec59da4864ac4e25552169bd92520b050e5fcf92212d3ab1e"},
    {file = "yara_python-4.5.0-cp312-cp312-manylinux_2_17_aarch64.manylinux2014_aarch64.whl", hash = "sha256:a96d7b4a7e060c40b290d2264c17623f063a5604e6502b06cd145f2f0e6e82ed"},
    {file = "yara_python-4.5.0-cp312-cp312-manylinux_2_17_i686.manylinux2014_i686.whl", hash = "sha256:91f782bdea16441c87f0231f038cf6d151e36718154871f5c5fb274364d144e7"},
    {file = "yara_python-4.5.0-cp312-cp312-manylinux_2_17_x86_64.manylinux2014_x86_64.whl", hash = "sha256:006f4af0cf30725425b6777016e6d6d7b2854955f0402b227f70d6fbdc594272"},
    {file = "yara_python-4.5.0-cp312-cp312-musllinux_1_1_aarch64.whl", hash = "sha256:7645a4d23d7749c390da92de105831762499eba22e39e956d0fddfda05d949eb"},
    {file = "yara_python-4.5.0-cp312-cp312-musllinux_1_1_i686.whl", hash = "sha256:244fd95d0e4f4f1fbe85032f7e9b779e2cb4c6678787725482d2b43925ff2ed3"},
    {file = "yara_python-4.5.0-cp312-cp312-musllinux_1_1_x86_64.whl", hash = "sha256:c17980d60ff3f7cfabab2df28965efb8e0b38508a5c47a0ad6917016edc0328c"},
    {file = "yara_python-4.5.0-cp312-cp312-win32.whl", hash = "sha256:86549302cae8f9c5fb1394e2e9fd9dc802e3c488723935e50fdcb0d6b639ab51"},
    {file = "yara_python-4.5.0-cp312-cp312-win_amd64.whl", hash = "sha256:36423ffd5e2e1f39562df6bd569be997c2fd06e0f30019dfadf339ff88278a4f"},
    {file = "yara_python-4.5.0-cp37-cp37m-macosx_10_9_x86_64.whl", hash = "sha256:49f8e215c9ebd0b43a782d3cfbeee6f82e2a647482cff6c676e96da57014d878"},
    {file = "yara_python-4.5.0-cp37-cp37m-manylinux_2_17_aarch64.manylinux2014_aarch64.whl", hash = "sha256:262be4841add4d7e978db317e63f657291b4c9a64469bcdf43cdee8b3f28e0c0"},
    {file = "yara_python-4.5.0-cp37-cp37m-manylinux_2_17_i686.manylinux2014_i686.whl", hash = "sha256:a0ee9e222daa982d31dc4be5fabf838726a3fb6a6425253c73f53aa0f0e2f457"},
    {file = "yara_python-4.5.0-cp37-cp37m-manylinux_2_17_x86_64.manylinux2014_x86_64.whl", hash = "sha256:d6d7d16fffc0fe92cd8d4ead9fbd58f1da7fcd9d39ff5c32924691db66257927"},
    {file = "yara_python-4.5.0-cp37-cp37m-musllinux_1_1_aarch64.whl", hash = "sha256:6ebbe0c112da598828d8fad15356a20b739dd2ef0dd0d90f6ec0f00ce9aa7ae1"},
    {file = "yara_python-4.5.0-cp37-cp37m-musllinux_1_1_i686.whl", hash = "sha256:a08162e9b4bdbae1e2e34ab83b6f145d334d650399aab9afb5341ce67a866a5c"},
    {file = "yara_python-4.5.0-cp37-cp37m-musllinux_1_1_x86_64.whl", hash = "sha256:65b0e4c168f0210d9b6be7b95bb7e2a97a545d52e9d3403370c3c5506b9d31f1"},
    {file = "yara_python-4.5.0-cp37-cp37m-win32.whl", hash = "sha256:3393eced9af44507193f7724b8f37ed5f0c5620fb402b886d6f07f578aab43af"},
    {file = "yara_python-4.5.0-cp37-cp37m-win_amd64.whl", hash = "sha256:de539783415e5b73e81d0a26fbe21cf2ade1b32fbd653be8a0f7430907337883"},
    {file = "yara_python-4.5.0-cp38-cp38-macosx_10_9_universal2.whl", hash = "sha256:067610dfedfe361b748bbf9148183df11141748f2a83b4bdb873fde96a62e204"},
    {file = "yara_python-4.5.0-cp38-cp38-macosx_10_9_x86_64.whl", hash = "sha256:8342783942dd8bdc46f1047cdb45ff68dcfe7aef0499b644deabd3d685a2d7e6"},
    {file = "yara_python-4.5.0-cp38-cp38-manylinux_2_17_aarch64.manylinux2014_aarch64.whl", hash = "sha256:f14db61a8e54c61cced58d070630033b68e276036053f402e76a1b7ebc5ad0f0"},
    {file = "yara_python-4.5.0-cp38-cp38-manylinux_2_17_i686.manylinux2014_i686.whl", hash = "sha256:468743b991341440fa4fd6c1414b2f5948970d26330ac1ae811f10d559c57771"},
    {file = "yara_python-4.5.0-cp38-cp38-manylinux_2_17_x86_64.manylinux2014_x86_64.whl", hash = "sha256:cde3be15f16c3b24a3e7a08327deeec9225cecf060c930fef58d38ae4554b17e"},
    {file = "yara_python-4.5.0-cp38-cp38-musllinux_1_1_aarch64.whl", hash = "sha256:1b07363c9b44796fe991e29a5756a48ae195f3cbe4d72bb70b1932f5ccadd153"},
    {file = "yara_python-4.5.0-cp38-cp38-musllinux_1_1_i686.whl", hash = "sha256:8072d6f89d7352d09d1eeda6a8fa15582ff141495f24ceb448c7b7f7592d1820"},
    {file = "yara_python-4.5.0-cp38-cp38-musllinux_1_1_x86_64.whl", hash = "sha256:29735530650093e251abe11f76d78382fb8e87f24e7bc154e4fe28c624e7d4f7"},
    {file = "yara_python-4.5.0-cp38-cp38-win32.whl", hash = "sha256:016a7ce7ec60b1dcecec6a23557abd3b78b442a8ac7dd14c4e8047ac07227ea6"},
    {file = "yara_python-4.5.0-cp38-cp38-win_amd64.whl", hash = "sha256:47fe5195687fff0f7ec435ce75b46a35b05b257c7550de5cb417bad9750bebde"},
    {file = "yara_python-4.5.0-cp39-cp39-macosx_10_9_universal2.whl", hash = "sha256:aea5ba7084b48fb3d5edd6b01c7e45763a1f0a4dd83bc0c3c1975e61aeae86cf"},
    {file = "yara_python-4.5.0-cp39-cp39-macosx_10_9_x86_64.whl", hash = "sha256:16894888f599b4acdf57a4fc157108fb804823149f60e81a0afba0b7d2ebbf5f"},
    {file = "yara_python-4.5.0-cp39-cp39-manylinux_2_17_aarch64.manylinux2014_aarch64.whl", hash = "sha256:5e80d2d8e5f7e9c25c8150f7281183abb2e53d81c0d33cecdf1459faeb042572"},
    {file = "yara_python-4.5.0-cp39-cp39-manylinux_2_17_i686.manylinux2014_i686.whl", hash = "sha256:898fbdc6c5f5913935ce2586242dd94673d27f3a031dc0704598237c25ed4431"},
    {file = "yara_python-4.5.0-cp39-cp39-manylinux_2_17_x86_64.manylinux2014_x86_64.whl", hash = "sha256:8e94d576dd98f7b957d34b8b03cabdf0372d11e9f65cd45bb823cbc3a086ec25"},
    {file = "yara_python-4.5.0-cp39-cp39-musllinux_1_1_aarch64.whl", hash = "sha256:d95e525074624c2618cb8146b4cc22455e786fbbe575b99bf191824a23f460db"},
    {file = "yara_python-4.5.0-cp39-cp39-musllinux_1_1_i686.whl", hash = "sha256:185d542aefc154c28d59b7385f3d8d7baacbb74451f2f153a51c1216ae063d70"},
    {file = "yara_python-4.5.0-cp39-cp39-musllinux_1_1_x86_64.whl", hash = "sha256:e7571f164a2da121fbc3a0d4df68fec82d2ae39bb8ea48b5a77467a467741573"},
    {file = "yara_python-4.5.0-cp39-cp39-win32.whl", hash = "sha256:692ae9d9647026908d5202a9ec68da6c8b4e4fb161828a425bc847ad03e66341"},
    {file = "yara_python-4.5.0-cp39-cp39-win_amd64.whl", hash = "sha256:b08ebeab39aab6fd80da875aa9fe0ec21ab8432f4656a0f4011a5069a9c3aab4"},
    {file = "yara_python-4.5.0-pp310-pypy310_pp73-macosx_10_9_x86_64.whl", hash = "sha256:cf9758f5b22cd0d9e14cec363d5eda3af637d93728bf5287ee0887a2fce036b1"},
    {file = "yara_python-4.5.0-pp310-pypy310_pp73-manylinux_2_17_aarch64.manylinux2014_aarch64.whl", hash = "sha256:2b68c7367df3d10d55fbeda985c02425ef9b549805fa9893505e25d68ef039e8"},
    {file = "yara_python-4.5.0-pp310-pypy310_pp73-manylinux_2_17_i686.manylinux2014_i686.whl", hash = "sha256:fe47ea00cd442eeb0bfea9ffea3cec97074e0e88843358a0552063b978655736"},
    {file = "yara_python-4.5.0-pp310-pypy310_pp73-manylinux_2_17_x86_64.manylinux2014_x86_64.whl", hash = "sha256:344b679576d51fc6397eac3282e4ad27b1ab093cf9571a47e47b50debcd03dbf"},
    {file = "yara_python-4.5.0-pp310-pypy310_pp73-win_amd64.whl", hash = "sha256:5c02545da623e58f5df8292a7d214b97667989904271d30b5e389b9ab1a81395"},
    {file = "yara_python-4.5.0-pp37-pypy37_pp73-macosx_10_9_x86_64.whl", hash = "sha256:e344f6953be0f60dc4fa94f629568e12ed9d2b981997e22bf32bd83083774c2f"},
    {file = "yara_python-4.5.0-pp37-pypy37_pp73-manylinux_2_17_aarch64.manylinux2014_aarch64.whl", hash = "sha256:77da34bac1807d270df4840d28c01a7d879e0ce0a0c692a0b0bd8f2adf4f6d1c"},
    {file = "yara_python-4.5.0-pp37-pypy37_pp73-manylinux_2_17_i686.manylinux2014_i686.whl", hash = "sha256:2d262ddf7032f1a9efe9c7533315c37db86ad58c10b5888d704f50f0f82bdfb8"},
    {file = "yara_python-4.5.0-pp37-pypy37_pp73-manylinux_2_17_x86_64.manylinux2014_x86_64.whl", hash = "sha256:7d04c17b27e33f9541a47f12972fc1a5836d2dfa947f48ed3242c5c9c32fc47b"},
    {file = "yara_python-4.5.0-pp37-pypy37_pp73-win_amd64.whl", hash = "sha256:847c249bbf6847f6d056921315eeef2d9c2ac79fcf063384d9b752b51e087afd"},
    {file = "yara_python-4.5.0-pp38-pypy38_pp73-macosx_10_9_x86_64.whl", hash = "sha256:0361820a3a8ec522cbb259d6af664d5f7dd19b29e4bcce9c36e480832b4172fc"},
    {file = "yara_python-4.5.0-pp38-pypy38_pp73-manylinux_2_17_aarch64.manylinux2014_aarch64.whl", hash = "sha256:00a7c3d593ef0d065d84c06ed365ce24735f553669de1e066851e8f6cdfc2051"},
    {file = "yara_python-4.5.0-pp38-pypy38_pp73-manylinux_2_17_i686.manylinux2014_i686.whl", hash = "sha256:a45b201d634be0f37bcb5fcf898fc91c66032c3f87b3e7656953f111e475f409"},
    {file = "yara_python-4.5.0-pp38-pypy38_pp73-manylinux_2_17_x86_64.manylinux2014_x86_64.whl", hash = "sha256:7c1cbcfc262840ea1fb19bc961eaff51d764896bd411643f5695a46046cae99b"},
    {file = "yara_python-4.5.0-pp38-pypy38_pp73-win_amd64.whl", hash = "sha256:445d80c3a327345cae346cb12c86b01265127319a9cf3a1d93e301ee080fb2c7"},
    {file = "yara_python-4.5.0-pp39-pypy39_pp73-macosx_10_9_x86_64.whl", hash = "sha256:c966f098254d6883ea9b1bba9743a298658cc58f43904ea6564e31e3e0d699d8"},
    {file = "yara_python-4.5.0-pp39-pypy39_pp73-manylinux_2_17_aarch64.manylinux2014_aarch64.whl", hash = "sha256:c901ce071141261a857ea779bcdf0c1e63e238d1b597a411dc2f816796a25c63"},
    {file = "yara_python-4.5.0-pp39-pypy39_pp73-manylinux_2_17_i686.manylinux2014_i686.whl", hash = "sha256:26085645d894bdfa75e2e88ba57d8297ed89c415ae3c2224ef27095c13c0c050"},
    {file = "yara_python-4.5.0-pp39-pypy39_pp73-manylinux_2_17_x86_64.manylinux2014_x86_64.whl", hash = "sha256:a0778e2d41bde173dd5e4758bb2f6d58832f149ff10d333e8751ae3cc4b195b2"},
    {file = "yara_python-4.5.0-pp39-pypy39_pp73-win_amd64.whl", hash = "sha256:648072ba075b930d976b5f6ae8c4563e4e32a057a2a8bd5be0e82ac98b682c60"},
]

[[package]]
name = "yaralyzer"
version = "0.9.4"
description = "Visualize and force decode YARA and regex matches found in a file or byte stream. With colors. Lots of colors."
optional = false
python-versions = "<4.0,>=3.9"
files = [
    {file = "yaralyzer-0.9.4-py3-none-any.whl", hash = "sha256:b72ef1c9d4f4aa1dc184766a2ad9673efde28ddec510df612b73f0da2376167a"},
    {file = "yaralyzer-0.9.4.tar.gz", hash = "sha256:a30f655e7e42221bdb069c2f4c6a8c67d10408f3d0f3e4be08dab7dbf0ffe6ba"},
]

[package.dependencies]
chardet = ">=5.0.0,<6.0.0"
python-dotenv = ">=0.21.0,<0.22.0"
rich = ">=12.5.1,<13.0.0"
rich-argparse-plus = ">=0.3.1,<0.4.0"
yara-python = ">=4.3.0,<5.0.0"

[metadata]
lock-version = "2.0"
python-versions = "^3.9"
content-hash = "022e9729d881bb355c4e4dcf38bb71f306b93900b055fcbedbdb1b6a058ba76d"
