# This file is automatically @generated by Poetry 1.6.1 and should not be changed by hand.

[[package]]
name = "anytree"
version = "2.12.1"
description = "Powerful and Lightweight Python Tree Data Structure with various plugins"
optional = false
python-versions = ">=3.7.2,<4"
files = [
    {file = "anytree-2.12.1-py3-none-any.whl", hash = "sha256:5ea9e61caf96db1e5b3d0a914378d2cd83c269dfce1fb8242ce96589fa3382f0"},
    {file = "anytree-2.12.1.tar.gz", hash = "sha256:244def434ccf31b668ed282954e5d315b4e066c4940b94aff4a7962d85947830"},
]

[package.dependencies]
six = "*"

[[package]]
name = "chardet"
version = "5.2.0"
description = "Universal encoding detector for Python 3"
optional = false
python-versions = ">=3.7"
files = [
    {file = "chardet-5.2.0-py3-none-any.whl", hash = "sha256:e1cf59446890a00105fe7b7912492ea04b6e6f06d4b742b2c788469e34c82970"},
    {file = "chardet-5.2.0.tar.gz", hash = "sha256:1b3b6ff479a8c414bc3fa2c0852995695c4a026dcd6d0633b2dd092ca39c1cf7"},
]

[[package]]
name = "colorama"
version = "0.4.6"
description = "Cross-platform colored terminal text."
optional = false
python-versions = "!=3.0.*,!=3.1.*,!=3.2.*,!=3.3.*,!=3.4.*,!=3.5.*,!=3.6.*,>=2.7"
files = [
    {file = "colorama-0.4.6-py2.py3-none-any.whl", hash = "sha256:4f1d9991f5acc0ca119f9d443620b77f9d6b33703e51011c16baf57afb285fc6"},
    {file = "colorama-0.4.6.tar.gz", hash = "sha256:08695f5cb7ed6e0531a20572697297273c47b8cae5a63ffc6d6ed5c201be6e44"},
]

[[package]]
name = "commonmark"
version = "0.9.1"
description = "Python parser for the CommonMark Markdown spec"
optional = false
python-versions = "*"
files = [
    {file = "commonmark-0.9.1-py2.py3-none-any.whl", hash = "sha256:da2f38c92590f83de410ba1a3cbceafbc74fee9def35f9251ba9a971d6d66fd9"},
    {file = "commonmark-0.9.1.tar.gz", hash = "sha256:452f9dc859be7f06631ddcb328b6919c67984aca654e5fefb3914d54691aed60"},
]

[package.extras]
test = ["flake8 (==3.7.8)", "hypothesis (==3.55.3)"]

[[package]]
name = "exceptiongroup"
version = "1.2.2"
description = "Backport of PEP 654 (exception groups)"
optional = false
python-versions = ">=3.7"
files = [
    {file = "exceptiongroup-1.2.2-py3-none-any.whl", hash = "sha256:3111b9d131c238bec2f8f516e123e14ba243563fb135d3fe885990585aa7795b"},
    {file = "exceptiongroup-1.2.2.tar.gz", hash = "sha256:47c2edf7c6738fafb49fd34290706d1a1a2f4d1c6df275526b62cbb4aa5393cc"},
]

[package.extras]
test = ["pytest (>=6)"]

[[package]]
name = "iniconfig"
version = "2.0.0"
description = "brain-dead simple config-ini parsing"
optional = false
python-versions = ">=3.7"
files = [
    {file = "iniconfig-2.0.0-py3-none-any.whl", hash = "sha256:b6a85871a79d2e3b22d2d1b94ac2824226a63c6b741c88f7ae975f18b6778374"},
    {file = "iniconfig-2.0.0.tar.gz", hash = "sha256:2d91e135bf72d31a410b17c16da610a82cb55f6b0477d1a902134b24a455b8b3"},
]

[[package]]
name = "packaging"
version = "24.1"
description = "Core utilities for Python packages"
optional = false
python-versions = ">=3.8"
files = [
    {file = "packaging-24.1-py3-none-any.whl", hash = "sha256:5b8f2217dbdbd2f7f384c41c628544e6d52f2d0f53c6d0c3ea61aa5d1d7ff124"},
    {file = "packaging-24.1.tar.gz", hash = "sha256:026ed72c8ed3fcce5bf8950572258698927fd1dbda10a5e981cdf0ac37f4f002"},
]

[[package]]
name = "pluggy"
version = "1.5.0"
description = "plugin and hook calling mechanisms for python"
optional = false
python-versions = ">=3.8"
files = [
    {file = "pluggy-1.5.0-py3-none-any.whl", hash = "sha256:44e1ad92c8ca002de6377e165f3e0f1be63266ab4d554740532335b9d75ea669"},
    {file = "pluggy-1.5.0.tar.gz", hash = "sha256:2cffa88e94fdc978c4c574f15f9e59b7f4201d439195c3715ca9e2486f1d0cf1"},
]

[package.extras]
dev = ["pre-commit", "tox"]
testing = ["pytest", "pytest-benchmark"]

[[package]]
name = "pygments"
version = "2.18.0"
description = "Pygments is a syntax highlighting package written in Python."
optional = false
python-versions = ">=3.8"
files = [
    {file = "pygments-2.18.0-py3-none-any.whl", hash = "sha256:b8e6aca0523f3ab76fee51799c488e38782ac06eafcf95e7ba832985c8e7b13a"},
    {file = "pygments-2.18.0.tar.gz", hash = "sha256:786ff802f32e91311bff3889f6e9a86e81505fe99f2735bb6d60ae0c5004f199"},
]

[package.extras]
windows-terminal = ["colorama (>=0.4.6)"]

[[package]]
name = "pypdf"
version = "5.0.1"
description = "A pure-python PDF library capable of splitting, merging, cropping, and transforming PDF files"
optional = false
python-versions = ">=3.8"
files = [
    {file = "pypdf-5.0.1-py3-none-any.whl", hash = "sha256:ff8a32da6c7a63fea9c32fa4dd837cdd0db7966adf6c14f043e3f12592e992db"},
    {file = "pypdf-5.0.1.tar.gz", hash = "sha256:a361c3c372b4a659f9c8dd438d5ce29a753c79c620dc6e1fd66977651f5547ea"},
]

[package.dependencies]
typing_extensions = {version = ">=4.0", markers = "python_version < \"3.11\""}

[package.extras]
crypto = ["PyCryptodome", "cryptography"]
dev = ["black", "flit", "pip-tools", "pre-commit (<2.18.0)", "pytest-cov", "pytest-socket", "pytest-timeout", "pytest-xdist", "wheel"]
docs = ["myst_parser", "sphinx", "sphinx_rtd_theme"]
full = ["Pillow (>=8.0.0)", "PyCryptodome", "cryptography"]
image = ["Pillow (>=8.0.0)"]

[[package]]
name = "pytest"
version = "7.4.4"
description = "pytest: simple powerful testing with Python"
optional = false
python-versions = ">=3.7"
files = [
    {file = "pytest-7.4.4-py3-none-any.whl", hash = "sha256:b090cdf5ed60bf4c45261be03239c2c1c22df034fbffe691abe93cd80cea01d8"},
    {file = "pytest-7.4.4.tar.gz", hash = "sha256:2cf0005922c6ace4a3e2ec8b4080eb0d9753fdc93107415332f50ce9e7994280"},
]

[package.dependencies]
colorama = {version = "*", markers = "sys_platform == \"win32\""}
exceptiongroup = {version = ">=1.0.0rc8", markers = "python_version < \"3.11\""}
iniconfig = "*"
packaging = "*"
pluggy = ">=0.12,<2.0"
tomli = {version = ">=1.0.0", markers = "python_version < \"3.11\""}

[package.extras]
testing = ["argcomplete", "attrs (>=19.2.0)", "hypothesis (>=3.56)", "mock", "nose", "pygments (>=2.7.2)", "requests", "setuptools", "xmlschema"]

[[package]]
name = "pytest-skip-slow"
version = "0.0.3"
description = "A pytest plugin to skip `@pytest.mark.slow` tests by default. "
optional = false
python-versions = ">=3.7"
files = [
    {file = "pytest-skip-slow-0.0.3.tar.gz", hash = "sha256:5ba043e8b9bbf23bb4cb43fb802d1f5b71823c9869b33434a88170c2c68432ff"},
    {file = "pytest_skip_slow-0.0.3-py3-none-any.whl", hash = "sha256:f4b419f545251ce9a24d574c70b15e6f24614d648b5c16ae8551ec0c4b5e48d6"},
]

[package.dependencies]
pytest = ">=6.2.0"

[package.extras]
test = ["tox"]

[[package]]
name = "python-dotenv"
version = "0.21.1"
description = "Read key-value pairs from a .env file and set them as environment variables"
optional = false
python-versions = ">=3.7"
files = [
    {file = "python-dotenv-0.21.1.tar.gz", hash = "sha256:1c93de8f636cde3ce377292818d0e440b6e45a82f215c3744979151fa8151c49"},
    {file = "python_dotenv-0.21.1-py3-none-any.whl", hash = "sha256:41e12e0318bebc859fcc4d97d4db8d20ad21721a6aa5047dd59f090391cb549a"},
]

[package.extras]
cli = ["click (>=5.0)"]

[[package]]
name = "rich"
version = "12.6.0"
description = "Render rich text, tables, progress bars, syntax highlighting, markdown and more to the terminal"
optional = false
python-versions = ">=3.6.3,<4.0.0"
files = [
    {file = "rich-12.6.0-py3-none-any.whl", hash = "sha256:a4eb26484f2c82589bd9a17c73d32a010b1e29d89f1604cd9bf3a2097b81bb5e"},
    {file = "rich-12.6.0.tar.gz", hash = "sha256:ba3a3775974105c221d31141f2c116f4fd65c5ceb0698657a11e9f295ec93fd0"},
]

[package.dependencies]
commonmark = ">=0.9.0,<0.10.0"
pygments = ">=2.6.0,<3.0.0"

[package.extras]
jupyter = ["ipywidgets (>=7.5.1,<8.0.0)"]

[[package]]
name = "rich-argparse-plus"
version = "0.3.1.4"
description = "A rich text formatter for argparse help with export and default features"
optional = false
python-versions = ">=3.7"
files = [
    {file = "rich_argparse_plus-0.3.1.4-py3-none-any.whl", hash = "sha256:74772572b852b7fefe28e44c5fe0e6491354b2594dae33ccec3860b349f96b21"},
    {file = "rich_argparse_plus-0.3.1.4.tar.gz", hash = "sha256:aab9e49b4ba98ff501705678330eda8e9bc07d933edc5cac5f38671ee53f9998"},
]

[package.dependencies]
rich = ">=11.0.0"

[package.extras]
dev = ["flit (>=3.7,<4.0)", "keyring (>=23.9,<24.0)", "pytest", "pytest-cov"]
optional = ["cairosvg (>=2.5,<3.0)"]

[[package]]
name = "six"
version = "1.16.0"
description = "Python 2 and 3 compatibility utilities"
optional = false
python-versions = ">=2.7, !=3.0.*, !=3.1.*, !=3.2.*"
files = [
    {file = "six-1.16.0-py2.py3-none-any.whl", hash = "sha256:8abb2f1d86890a2dfb989f9a77cfcfd3e47c2a354b01111771326f8aa26e0254"},
    {file = "six-1.16.0.tar.gz", hash = "sha256:1e61c37477a1626458e36f7b1d82aa5c9b094fa4802892072e49de9c60c4c926"},
]

[[package]]
name = "tomli"
version = "2.0.2"
description = "A lil' TOML parser"
optional = false
python-versions = ">=3.8"
files = [
    {file = "tomli-2.0.2-py3-none-any.whl", hash = "sha256:2ebe24485c53d303f690b0ec092806a085f07af5a5aa1464f3931eec36caaa38"},
    {file = "tomli-2.0.2.tar.gz", hash = "sha256:d46d457a85337051c36524bc5349dd91b1877838e2979ac5ced3e710ed8a60ed"},
]

[[package]]
name = "typing-extensions"
version = "4.12.2"
description = "Backported and Experimental Type Hints for Python 3.8+"
optional = false
python-versions = ">=3.8"
files = [
    {file = "typing_extensions-4.12.2-py3-none-any.whl", hash = "sha256:04e5ca0351e0f3f85c6853954072df659d0d13fac324d0072316b67d7794700d"},
    {file = "typing_extensions-4.12.2.tar.gz", hash = "sha256:1a7ead55c7e559dd4dee8856e3a88b41225abfe1ce8df57b7c13915fe121ffb8"},
]

[[package]]
name = "yara-python"
version = "4.5.1"
description = "Python interface for YARA"
optional = false
python-versions = "*"
files = [
    {file = "yara_python-4.5.1-cp310-cp310-macosx_10_9_universal2.whl", hash = "sha256:7c92219bf91caea277bc2736df70dda3709834c297a4a5906f1d9a46cd03579a"},
    {file = "yara_python-4.5.1-cp310-cp310-macosx_10_9_x86_64.whl", hash = "sha256:6e8e9eb5a49a70a013bf45e0ec97210b7cb124813271fddc666c3cfb1308a2d5"},
    {file = "yara_python-4.5.1-cp310-cp310-manylinux_2_17_aarch64.manylinux2014_aarch64.whl", hash = "sha256:ffb48e853f107f2e6e0e29a97ce1185e9cc7a15a6c860dc65eb8ec431d1b6d3e"},
    {file = "yara_python-4.5.1-cp310-cp310-manylinux_2_17_i686.manylinux2014_i686.whl", hash = "sha256:2c6a4e181de457a5de74982b82ab01c89a06bcd66820ca1671f22e984be1be78"},
    {file = "yara_python-4.5.1-cp310-cp310-manylinux_2_17_x86_64.manylinux2014_x86_64.whl", hash = "sha256:155ef1a9ca2aeeb57441fa99b6d8bd2cb67787f0d62b3c1670512e36c97ec02f"},
    {file = "yara_python-4.5.1-cp310-cp310-musllinux_1_1_aarch64.whl", hash = "sha256:264fdc2953c635131112a2cef6208b52d35731a6cc902cc62fe82508d9051afd"},
    {file = "yara_python-4.5.1-cp310-cp310-musllinux_1_1_i686.whl", hash = "sha256:a1a3e6b610e7131353cfea80ba119db3e96f7ad7befcd9d5a51df8786c806403"},
    {file = "yara_python-4.5.1-cp310-cp310-musllinux_1_1_x86_64.whl", hash = "sha256:aec3dda6b173c4be4d972058ee41fb019c866b82861f12a1ac2b01035cea34b9"},
    {file = "yara_python-4.5.1-cp310-cp310-win32.whl", hash = "sha256:8c3935da45ce283e02a86c9120240524e352add64c5cbccd616885937801ac67"},
    {file = "yara_python-4.5.1-cp310-cp310-win_amd64.whl", hash = "sha256:59fd46cc8c5a77e5e4942c7e403ac738f5c64154dcbc67bd8c9af453d7bb2539"},
    {file = "yara_python-4.5.1-cp311-cp311-macosx_10_9_universal2.whl", hash = "sha256:3044359876921e26370f7b646d84a65681811df577be7d4d09c7de21b33d9130"},
    {file = "yara_python-4.5.1-cp311-cp311-macosx_10_9_x86_64.whl", hash = "sha256:49ad70b6b65ed1c591c3bfb3d5d6da0fc6a73b1f979604feead450f348ad67c4"},
    {file = "yara_python-4.5.1-cp311-cp311-manylinux_2_17_aarch64.manylinux2014_aarch64.whl", hash = "sha256:5a6a185d2ec8fbbffa89d0f7949b84f76860d0e3a74192825dbf53d6a5069b83"},
    {file = "yara_python-4.5.1-cp311-cp311-manylinux_2_17_i686.manylinux2014_i686.whl", hash = "sha256:2560dd27f63cdb395d9d77d6a74d1f0d6b7aa0ea18394f44d650e5abb6e377a3"},
    {file = "yara_python-4.5.1-cp311-cp311-manylinux_2_17_x86_64.manylinux2014_x86_64.whl", hash = "sha256:471e4070bf7e3b9b132f1c0134d1172d9dae353b04f2fce9bc31431ae785595e"},
    {file = "yara_python-4.5.1-cp311-cp311-musllinux_1_1_aarch64.whl", hash = "sha256:f533848781f0e46e44eda77055eae4ec934cf56c1f473e787704f1a348e90094"},
    {file = "yara_python-4.5.1-cp311-cp311-musllinux_1_1_i686.whl", hash = "sha256:3aaf259ed162d2de5db70ae1ba057307efdeb7f4697d74cc5b3313caa7647923"},
    {file = "yara_python-4.5.1-cp311-cp311-musllinux_1_1_x86_64.whl", hash = "sha256:90374acc38086447a668580a9aecceb11964f08deb05bfaced6f43e9e67955a1"},
    {file = "yara_python-4.5.1-cp311-cp311-win32.whl", hash = "sha256:721422a14d18a81d75397df51481f5b5f3ab8d0a5220087e5306570877cab4e4"},
    {file = "yara_python-4.5.1-cp311-cp311-win_amd64.whl", hash = "sha256:dac13dc77a5f21c119104ae4e6ad837589eace0505e9daf38af0bd2d4ccd7cfa"},
    {file = "yara_python-4.5.1-cp312-cp312-macosx_10_9_universal2.whl", hash = "sha256:7eb27c1cd2f6f93f68e23e676ede28357c1fc8b9ec7deefe86f2cfef4abd877c"},
    {file = "yara_python-4.5.1-cp312-cp312-macosx_10_9_x86_64.whl", hash = "sha256:4c7ac7c1ae5e25bd5bf67ce752ac82568c2cdc157c9af50ba28d7cbab4421175"},
    {file = "yara_python-4.5.1-cp312-cp312-manylinux_2_17_aarch64.manylinux2014_aarch64.whl", hash = "sha256:77011bed905f3786755da7de7ba9082790db654a241e13746fa3fc325b9ad966"},
    {file = "yara_python-4.5.1-cp312-cp312-manylinux_2_17_i686.manylinux2014_i686.whl", hash = "sha256:0ddedd9bfcfc37ffddceefd9dbf9bbba137c979b3effc9c1e9aeb08d77c6858c"},
    {file = "yara_python-4.5.1-cp312-cp312-manylinux_2_17_x86_64.manylinux2014_x86_64.whl", hash = "sha256:3431154fac7f41b4657edad91632717b5f1bab5be4ed6ce28d6e17e441d5c947"},
    {file = "yara_python-4.5.1-cp312-cp312-musllinux_1_1_aarch64.whl", hash = "sha256:7d5dc091235ded00b30f04a51d70e08352e44976122f8d45e63d25e96eae27d9"},
    {file = "yara_python-4.5.1-cp312-cp312-musllinux_1_1_i686.whl", hash = "sha256:97d30a483d195e6b695f072086cf1234317a650727844bac7bf85cf98dd960a3"},
    {file = "yara_python-4.5.1-cp312-cp312-musllinux_1_1_x86_64.whl", hash = "sha256:bb65c17657b4cdbe5adee7a6e617ee05e214e8afdbc82b195885354a72a16476"},
    {file = "yara_python-4.5.1-cp312-cp312-win32.whl", hash = "sha256:4f368d057e0865278444c948a65802f7c92008a1b59bf629bdc9efa1b0120a22"},
    {file = "yara_python-4.5.1-cp312-cp312-win_amd64.whl", hash = "sha256:6ccd73466d7ad1a50cd06f38fdb7a023fee87dd185d3fcf67cc5c55d82cc34dd"},
    {file = "yara_python-4.5.1-cp37-cp37m-macosx_10_9_x86_64.whl", hash = "sha256:37ff0e6256d75521e5ac52b45671647bd6f6a7aa49259b13c19db424d9fdb795"},
    {file = "yara_python-4.5.1-cp37-cp37m-manylinux_2_17_aarch64.manylinux2014_aarch64.whl", hash = "sha256:c17d1555dbd99f4872ca289ee92b9630331def0df864f88ced1665efa3cabdac"},
    {file = "yara_python-4.5.1-cp37-cp37m-manylinux_2_17_i686.manylinux2014_i686.whl", hash = "sha256:cfae9eac6a65d25799aecd21cb43f3552a86552c57e90e85e03a1e95e100fb35"},
    {file = "yara_python-4.5.1-cp37-cp37m-manylinux_2_17_x86_64.manylinux2014_x86_64.whl", hash = "sha256:b8c8cfbdc33cbcf78afd6e11149e406dfe558bbd497ff0c9b001753545a326e7"},
    {file = "yara_python-4.5.1-cp37-cp37m-musllinux_1_1_aarch64.whl", hash = "sha256:bb767f5c9c67d0b5de4d916c92130303d02d07d5a96a160aa5d7aa6c45883b1f"},
    {file = "yara_python-4.5.1-cp37-cp37m-musllinux_1_1_i686.whl", hash = "sha256:e14d43aba8a8d66268cd45ce534bb7b608ca08d97d4ffb9f0205ef5554e317fb"},
    {file = "yara_python-4.5.1-cp37-cp37m-musllinux_1_1_x86_64.whl", hash = "sha256:4c2d81727e24c224b0003770f2548f2eb75d9a95d5aa03b65d5ccf8ab3112d8d"},
    {file = "yara_python-4.5.1-cp37-cp37m-win32.whl", hash = "sha256:da5848e64fdde37529e6ebd8e5778e4665a7dee8cdff2f347ec47a39b453f298"},
    {file = "yara_python-4.5.1-cp37-cp37m-win_amd64.whl", hash = "sha256:0fc8a450b662a0235ab7cee59ad2e366207c97bb99a80db9ffb68f865abd4ac9"},
    {file = "yara_python-4.5.1-cp38-cp38-macosx_10_9_universal2.whl", hash = "sha256:0324175b06c440eb754b7ff3845b6eb426b5870bbbebbeae32f2e5281fd35860"},
    {file = "yara_python-4.5.1-cp38-cp38-macosx_10_9_x86_64.whl", hash = "sha256:f408668aab84a0f42b78784d948a69a99bf95300536edd4ab771bb4a06d92f50"},
    {file = "yara_python-4.5.1-cp38-cp38-manylinux_2_17_aarch64.manylinux2014_aarch64.whl", hash = "sha256:a885ec2800b3ee8c4ba9e6634005e041afad33998d59fa6c76bea60c1bd9c73b"},
    {file = "yara_python-4.5.1-cp38-cp38-manylinux_2_17_i686.manylinux2014_i686.whl", hash = "sha256:153d459a2382a28d08edb84a74f27d8ef2cc8154f7822dadf744c5797e8e6f25"},
    {file = "yara_python-4.5.1-cp38-cp38-manylinux_2_17_x86_64.manylinux2014_x86_64.whl", hash = "sha256:509ca2000c9f76c3304f9fdbb886b1d403231a6a76ec9b4aeb18c67ee8279917"},
    {file = "yara_python-4.5.1-cp38-cp38-musllinux_1_1_aarch64.whl", hash = "sha256:b03d2ffe24a13d69d14b12517aac7a4ea5f0df41ac725f282ebdc729f4365a3d"},
    {file = "yara_python-4.5.1-cp38-cp38-musllinux_1_1_i686.whl", hash = "sha256:8e90cc9bee1340dec0e9dab95e056dec08e6ac67945ad20f537d65457845f2f1"},
    {file = "yara_python-4.5.1-cp38-cp38-musllinux_1_1_x86_64.whl", hash = "sha256:37f6e85ee2fe458b52d4984bc2327cd33d69a10579dd708e29d6fbd371aceafe"},
    {file = "yara_python-4.5.1-cp38-cp38-win32.whl", hash = "sha256:90aa56a3e27fdc5751550fe136a8d815c55a1a1db025b28d1f7d146493751310"},
    {file = "yara_python-4.5.1-cp38-cp38-win_amd64.whl", hash = "sha256:4cc7d5220a488fa0470f7c7ea303d1174e3b7e88dc6eef539ab048c8590257a8"},
    {file = "yara_python-4.5.1-cp39-cp39-macosx_10_9_universal2.whl", hash = "sha256:6e8566034b9c24a12a8fd8b0ff580b078add7f9e9719e633ad1adcbb33be534a"},
    {file = "yara_python-4.5.1-cp39-cp39-macosx_10_9_x86_64.whl", hash = "sha256:934f08ca197a645977749ca1163262abcec9bdbcb54cd47ffb2452c3edc4c5e4"},
    {file = "yara_python-4.5.1-cp39-cp39-manylinux_2_17_aarch64.manylinux2014_aarch64.whl", hash = "sha256:a41992c45fcad39ad05016eafc3c3632b3a11ede2440ba9c1250c5e5d484687a"},
    {file = "yara_python-4.5.1-cp39-cp39-manylinux_2_17_i686.manylinux2014_i686.whl", hash = "sha256:70eb3f84b6e57f7f52676ae9c11dccde2867f49bac6e9a042ef2d027a8afb9f1"},
    {file = "yara_python-4.5.1-cp39-cp39-manylinux_2_17_x86_64.manylinux2014_x86_64.whl", hash = "sha256:9d21efeb69d83c48419beccda4aeb415c4c993387e6dee64d8eac4b33af8ac58"},
    {file = "yara_python-4.5.1-cp39-cp39-musllinux_1_1_aarch64.whl", hash = "sha256:98b780fe880cb219b9a92957a1f9863e53908a2dd75483976265d256b3b69b84"},
    {file = "yara_python-4.5.1-cp39-cp39-musllinux_1_1_i686.whl", hash = "sha256:04c414472b0e3c4a2998ae247c0215bbb52c7808d09a7ca3899ef86ad1df7a7b"},
    {file = "yara_python-4.5.1-cp39-cp39-musllinux_1_1_x86_64.whl", hash = "sha256:0502328eeb18aa6e50af7e31df91b1dd23db0d47a0744383d90ff5cb38ff8d30"},
    {file = "yara_python-4.5.1-cp39-cp39-win32.whl", hash = "sha256:5c266ce1a9f6f783f565d0687a052e0a76c287495452a92d495809f8f6c32a44"},
    {file = "yara_python-4.5.1-cp39-cp39-win_amd64.whl", hash = "sha256:cc08a46630373bf194dc560e422622d45a3cbefec334650a96777f4c5f31f637"},
    {file = "yara_python-4.5.1-pp310-pypy310_pp73-macosx_10_9_x86_64.whl", hash = "sha256:f23ea9893efd676eb2727e869b486d71e7cb7839789a36c80b726258365b39b6"},
    {file = "yara_python-4.5.1-pp310-pypy310_pp73-manylinux_2_17_aarch64.manylinux2014_aarch64.whl", hash = "sha256:edf490994334b00933f7bc37fdd255451f12db741b15c2917fceb31e11bb698d"},
    {file = "yara_python-4.5.1-pp310-pypy310_pp73-manylinux_2_17_i686.manylinux2014_i686.whl", hash = "sha256:038dcec1728233144ab0ab7ea4ed060f642c5f3152742c9ee71b493f571d6fd5"},
    {file = "yara_python-4.5.1-pp310-pypy310_pp73-manylinux_2_17_x86_64.manylinux2014_x86_64.whl", hash = "sha256:146f2fbdeb043c32a6a7d08a4e37a0bb1c3c0a16d2ad97d957627f6158360569"},
    {file = "yara_python-4.5.1-pp310-pypy310_pp73-win_amd64.whl", hash = "sha256:389aa3a655c94885399e290bd74703273d7a1ecb33593b62801abee91efdfc86"},
    {file = "yara_python-4.5.1-pp37-pypy37_pp73-macosx_10_9_x86_64.whl", hash = "sha256:df67822be9430066f76604421f79b8d1446d749d925376c82c3e7649064899e3"},
    {file = "yara_python-4.5.1-pp37-pypy37_pp73-manylinux_2_17_aarch64.manylinux2014_aarch64.whl", hash = "sha256:ecd0fa98a66e58be6a1d679e8679fc39029a4afa66d5310943d9180b90e57baf"},
    {file = "yara_python-4.5.1-pp37-pypy37_pp73-manylinux_2_17_i686.manylinux2014_i686.whl", hash = "sha256:8a073a26d1b081942fc741da8eeefe59c6fec5bf7f2adb3e80df1d73f57a7ea3"},
    {file = "yara_python-4.5.1-pp37-pypy37_pp73-manylinux_2_17_x86_64.manylinux2014_x86_64.whl", hash = "sha256:92af5596aa4af20d7f81260dc72b989dfd4b7672c5492f13e9b71fe2b24c936f"},
    {file = "yara_python-4.5.1-pp37-pypy37_pp73-win_amd64.whl", hash = "sha256:984f67c08f945acb78d2548aaf5ffa19d27288b48979eb0652dd3a89c7b7747b"},
    {file = "yara_python-4.5.1-pp38-pypy38_pp73-macosx_10_9_x86_64.whl", hash = "sha256:2756fe1121fdd45b29d0d21fea66f762ef50d9e636bae8fd94217f0dc4c32a3a"},
    {file = "yara_python-4.5.1-pp38-pypy38_pp73-manylinux_2_17_aarch64.manylinux2014_aarch64.whl", hash = "sha256:c27dd8bdf1bbd946a82d1717c3dcc2efa449abb04018d186dca6b412ed93eba6"},
    {file = "yara_python-4.5.1-pp38-pypy38_pp73-manylinux_2_17_i686.manylinux2014_i686.whl", hash = "sha256:382fd997999cfd83d7c2087f8b73c55dde8193473ff2a78643b5c69d3a39e084"},
    {file = "yara_python-4.5.1-pp38-pypy38_pp73-manylinux_2_17_x86_64.manylinux2014_x86_64.whl", hash = "sha256:024c477f182c26265fc447051e09099016e3562ac7f2255e05de2a506dd4d6dc"},
    {file = "yara_python-4.5.1-pp38-pypy38_pp73-win_amd64.whl", hash = "sha256:2add91c1f2c7c6bd82affffd864f7e7a96285c80b97906f81584be3b3b448b74"},
    {file = "yara_python-4.5.1-pp39-pypy39_pp73-macosx_10_9_x86_64.whl", hash = "sha256:7ae8411ae68a9f8911781bdc4393fc21ab48372ed3605c64265d08d57394ff5f"},
    {file = "yara_python-4.5.1-pp39-pypy39_pp73-manylinux_2_17_aarch64.manylinux2014_aarch64.whl", hash = "sha256:bc81d88d3fa54f2a019e716f715a18e0c2c7c03816fef926b07b4ab3ba698e69"},
    {file = "yara_python-4.5.1-pp39-pypy39_pp73-manylinux_2_17_i686.manylinux2014_i686.whl", hash = "sha256:8765e387652f9354ca705ea8692e5e24424f7c20aaec857b40c13b18fe7862ad"},
    {file = "yara_python-4.5.1-pp39-pypy39_pp73-manylinux_2_17_x86_64.manylinux2014_x86_64.whl", hash = "sha256:4c1acc3fd1b4634a4b438b6129f3b52a306d40e44c7fd950e7154f147a12e4de"},
    {file = "yara_python-4.5.1-pp39-pypy39_pp73-win_amd64.whl", hash = "sha256:d64e300925d56b3cf7f430b3bf86e133b14aaf578cfe827c08aec8869b8375e9"},
    {file = "yara_python-4.5.1.tar.gz", hash = "sha256:52ab24422b021ae648be3de25090cbf9e6c6caa20488f498860d07f7be397930"},
]

[[package]]
name = "yaralyzer"
version = "0.9.4"
description = "Visualize and force decode YARA and regex matches found in a file or byte stream. With colors. Lots of colors."
optional = false
python-versions = "<4.0,>=3.9"
files = [
    {file = "yaralyzer-0.9.4-py3-none-any.whl", hash = "sha256:b72ef1c9d4f4aa1dc184766a2ad9673efde28ddec510df612b73f0da2376167a"},
    {file = "yaralyzer-0.9.4.tar.gz", hash = "sha256:a30f655e7e42221bdb069c2f4c6a8c67d10408f3d0f3e4be08dab7dbf0ffe6ba"},
]

[package.dependencies]
chardet = ">=5.0.0,<6.0.0"
python-dotenv = ">=0.21.0,<0.22.0"
rich = ">=12.5.1,<13.0.0"
rich-argparse-plus = ">=0.3.1,<0.4.0"
yara-python = ">=4.3.0,<5.0.0"

[metadata]
lock-version = "2.0"
python-versions = "^3.9"
content-hash = "ec2f0c5f09ae345849be713543907e6786acf9aeea777f30e78287019ce32484"
